
Microsoft Visual Studio Solution File, Format Version 12.00
# Visual Studio Version 16
VisualStudioVersion = 16.0.30804.86
MinimumVisualStudioVersion = 10.0.40219.1
Project("{8BC9CEB8-8B4A-11D0-8D11-00A0C91BC942}") = "MIPGen", "MIPGen\MIPGen.vcxproj", "{921700DE-11A0-47DA-AC27-DB3137B14A5D}"
EndProject
Global
	GlobalSection(SolutionConfigurationPlatforms) = preSolution
		Debug|x64 = Debug|x64
		Debug|x86 = Debug|x86
		Release|x64 = Release|x64
		Release|x86 = Release|x86
	EndGlobalSection
	GlobalSection(ProjectConfigurationPlatforms) = postSolution
		{921700DE-11A0-47DA-AC27-DB3137B14A5D}.Debug|x64.ActiveCfg = Debug|x64
		{921700DE-11A0-47DA-AC27-DB3137B14A5D}.Debug|x64.Build.0 = Debug|x64
		{921700DE-11A0-47DA-AC27-DB3137B14A5D}.Debug|x86.ActiveCfg = Debug|Win32
		{921700DE-11A0-47DA-AC27-DB3137B14A5D}.Debug|x86.Build.0 = Debug|Win32
		{921700DE-11A0-47DA-AC27-DB3137B14A5D}.Release|x64.ActiveCfg = Release|x64
		{921700DE-11A0-47DA-AC27-DB3137B14A5D}.Release|x64.Build.0 = Release|x64
		{921700DE-11A0-47DA-AC27-DB3137B14A5D}.Release|x86.ActiveCfg = Release|Win32
		{921700DE-11A0-47DA-AC27-DB3137B14A5D}.Release|x86.Build.0 = Release|Win32
	EndGlobalSection
	GlobalSection(SolutionProperties) = preSolution
		HideSolutionNode = FALSE
	EndGlobalSection
	GlobalSection(ExtensibilityGlobals) = postSolution
		SolutionGuid = {85D5EEF6-A036-4DF4-96C0-7D16BB2CE2A2}
	EndGlobalSection
EndGlobal
